
Microsoft Visual Studio Solution File, Format Version 12.00
# Visual Studio Version 17
VisualStudioVersion = 17.8.34525.116
MinimumVisualStudioVersion = 10.0.40219.1
Project("{FAE04EC0-301F-11D3-BF4B-00C04F79EFBC}") = "TheFountainOfObjectsV3", "TheFountainOfObjectsV3\TheFountainOfObjectsV3.csproj", "{BC37E1BE-38AE-4E11-BD95-98C7E29E3342}"
EndProject
Global
	GlobalSection(SolutionConfigurationPlatforms) = preSolution
		Debug|Any CPU = Debug|Any CPU
		Release|Any CPU = Release|Any CPU
	EndGlobalSection
	GlobalSection(ProjectConfigurationPlatforms) = postSolution
		{BC37E1BE-38AE-4E11-BD95-98C7E29E3342}.Debug|Any CPU.ActiveCfg = Debug|Any CPU
		{BC37E1BE-38AE-4E11-BD95-98C7E29E3342}.Debug|Any CPU.Build.0 = Debug|Any CPU
		{BC37E1BE-38AE-4E11-BD95-98C7E29E3342}.Release|Any CPU.ActiveCfg = Release|Any CPU
		{BC37E1BE-38AE-4E11-BD95-98C7E29E3342}.Release|Any CPU.Build.0 = Release|Any CPU
	EndGlobalSection
	GlobalSection(SolutionProperties) = preSolution
		HideSolutionNode = FALSE
	EndGlobalSection
	GlobalSection(ExtensibilityGlobals) = postSolution
		SolutionGuid = {714869F8-A4E2-4665-AF06-638E21A59635}
	EndGlobalSection
EndGlobal
